<?xml version="1.0" encoding="utf-8"?>
<Project ToolsVersion="4.0" xmlns="http://schemas.microsoft.com/developer/msbuild/2003">
  <ItemGroup>
    <ClInclude Include="ContentsCore.h" />
    <ClInclude Include="TitleLevel.h">
      <Filter>Levels</Filter>
    </ClInclude>
    <ClInclude Include="PlayLevel.h">
      <Filter>Levels</Filter>
    </ClInclude>
    <ClInclude Include="Player.h">
      <Filter>Object</Filter>
    </ClInclude>
    <ClInclude Include="PrecompileHeader.h" />
    <ClInclude Include="TestObject.h">
      <Filter>Object</Filter>
    </ClInclude>
    <ClInclude Include="PlayLevelUIActor.h">
      <Filter>Object</Filter>
    </ClInclude>
    <ClInclude Include="MyContentSpriteRenderer.h" />
    <ClInclude Include="FadeEffect.h">
      <Filter>PostEffect</Filter>
    </ClInclude>
    <ClInclude Include="TileMapLevel.h">
      <Filter>Levels</Filter>
    </ClInclude>
  </ItemGroup>
  <ItemGroup>
    <ClCompile Include="ContentsCore.cpp" />
    <ClCompile Include="TitleLevel.cpp">
      <Filter>Levels</Filter>
    </ClCompile>
    <ClCompile Include="PlayLevel.cpp">
      <Filter>Levels</Filter>
    </ClCompile>
    <ClCompile Include="Player.cpp">
      <Filter>Object</Filter>
    </ClCompile>
    <ClCompile Include="PrecompileHeader.cpp" />
    <ClCompile Include="TestObject.cpp">
      <Filter>Object</Filter>
    </ClCompile>
    <ClCompile Include="Player_State.cpp">
      <Filter>Object</Filter>
    </ClCompile>
    <ClCompile Include="PlayLevelUIActor.cpp">
      <Filter>Object</Filter>
    </ClCompile>
    <ClCompile Include="MyContentSpriteRenderer.cpp" />
    <ClCompile Include="FadeEffect.cpp">
      <Filter>PostEffect</Filter>
    </ClCompile>
    <ClCompile Include="Contents_Resources.cpp" />
    <ClCompile Include="TileMapLevel.cpp">
      <Filter>Levels</Filter>
    </ClCompile>
  </ItemGroup>
  <ItemGroup>
    <Filter Include="Levels">
      <UniqueIdentifier>{3d17108a-64cc-412c-add8-c9f82f90c9e4}</UniqueIdentifier>
    </Filter>
    <Filter Include="Object">
      <UniqueIdentifier>{df11f953-5c45-4952-85fb-a35bec5d2a60}</UniqueIdentifier>
    </Filter>
    <Filter Include="PostEffect">
      <UniqueIdentifier>{8b278d14-8721-4921-8f5e-5601845f39f3}</UniqueIdentifier>
    </Filter>
  </ItemGroup>
</Project>